
Microsoft Visual Studio Solution File, Format Version 12.00
# Visual Studio Version 17
VisualStudioVersion = 17.3.32929.385
MinimumVisualStudioVersion = 10.0.40219.1
Project("{FAE04EC0-301F-11D3-BF4B-00C04F79EFBC}") = "MVC_Sort_Pagination", "MVC_Sort_Pagination.csproj", "{DB2BF821-6D34-48EA-921A-7FBA8AA3C79D}"
EndProject
Global
	GlobalSection(SolutionConfigurationPlatforms) = preSolution
		Debug|Any CPU = Debug|Any CPU
		Release|Any CPU = Release|Any CPU
	EndGlobalSection
	GlobalSection(ProjectConfigurationPlatforms) = postSolution
		{DB2BF821-6D34-48EA-921A-7FBA8AA3C79D}.Debug|Any CPU.ActiveCfg = Debug|Any CPU
		{DB2BF821-6D34-48EA-921A-7FBA8AA3C79D}.Debug|Any CPU.Build.0 = Debug|Any CPU
		{DB2BF821-6D34-48EA-921A-7FBA8AA3C79D}.Release|Any CPU.ActiveCfg = Release|Any CPU
		{DB2BF821-6D34-48EA-921A-7FBA8AA3C79D}.Release|Any CPU.Build.0 = Release|Any CPU
	EndGlobalSection
	GlobalSection(SolutionProperties) = preSolution
		HideSolutionNode = FALSE
	EndGlobalSection
	GlobalSection(ExtensibilityGlobals) = postSolution
		SolutionGuid = {2D614342-66C1-4B0E-AC03-892AD4C06026}
	EndGlobalSection
EndGlobal
